
Microsoft Visual Studio Solution File, Format Version 12.00
# Visual Studio 15
VisualStudioVersion = 15.0.28307.271
MinimumVisualStudioVersion = 10.0.40219.1
Project("{FAE04EC0-301F-11D3-BF4B-00C04F79EFBC}") = "NUnitGrouping", "NUnitGrouping\NUnitGrouping.csproj", "{A130FBC2-3A0C-41B0-BBC4-254C7AE56C01}"
EndProject
Global
	GlobalSection(SolutionConfigurationPlatforms) = preSolution
		Debug|Any CPU = Debug|Any CPU
		Release|Any CPU = Release|Any CPU
	EndGlobalSection
	GlobalSection(ProjectConfigurationPlatforms) = postSolution
		{A130FBC2-3A0C-41B0-BBC4-254C7AE56C01}.Debug|Any CPU.ActiveCfg = Debug|Any CPU
		{A130FBC2-3A0C-41B0-BBC4-254C7AE56C01}.Debug|Any CPU.Build.0 = Debug|Any CPU
		{A130FBC2-3A0C-41B0-BBC4-254C7AE56C01}.Release|Any CPU.ActiveCfg = Release|Any CPU
		{A130FBC2-3A0C-41B0-BBC4-254C7AE56C01}.Release|Any CPU.Build.0 = Release|Any CPU
	EndGlobalSection
	GlobalSection(SolutionProperties) = preSolution
		HideSolutionNode = FALSE
	EndGlobalSection
	GlobalSection(ExtensibilityGlobals) = postSolution
		SolutionGuid = {BF1039DA-B5CF-481D-8F66-F554286420C0}
	EndGlobalSection
EndGlobal
